
Microsoft Visual Studio Solution File, Format Version 12.00
# Visual Studio Version 16
VisualStudioVersion = 16.0.30717.126
MinimumVisualStudioVersion = 10.0.40219.1
Project("{FAE04EC0-301F-11D3-BF4B-00C04F79EFBC}") = "Uber_HernandezMatias", "Uber_HernandezMatias.csproj", "{A34EBBF0-FFD7-48BA-A8F9-F87FE8969A5A}"
EndProject
Global
	GlobalSection(SolutionConfigurationPlatforms) = preSolution
		Debug|Any CPU = Debug|Any CPU
		Release|Any CPU = Release|Any CPU
	EndGlobalSection
	GlobalSection(ProjectConfigurationPlatforms) = postSolution
		{A34EBBF0-FFD7-48BA-A8F9-F87FE8969A5A}.Debug|Any CPU.ActiveCfg = Debug|Any CPU
		{A34EBBF0-FFD7-48BA-A8F9-F87FE8969A5A}.Debug|Any CPU.Build.0 = Debug|Any CPU
		{A34EBBF0-FFD7-48BA-A8F9-F87FE8969A5A}.Release|Any CPU.ActiveCfg = Release|Any CPU
		{A34EBBF0-FFD7-48BA-A8F9-F87FE8969A5A}.Release|Any CPU.Build.0 = Release|Any CPU
	EndGlobalSection
	GlobalSection(SolutionProperties) = preSolution
		HideSolutionNode = FALSE
	EndGlobalSection
	GlobalSection(ExtensibilityGlobals) = postSolution
		SolutionGuid = {82CEF58C-B18A-43CE-ABAB-502A4892502B}
	EndGlobalSection
EndGlobal
